
Microsoft Visual Studio Solution File, Format Version 12.00
# Visual Studio 14
VisualStudioVersion = 14.0.25420.1
MinimumVisualStudioVersion = 10.0.40219.1
Project("{FAE04EC0-301F-11D3-BF4B-00C04F79EFBC}") = "PiPi", "PiPi\PiPi.csproj", "{56522580-02DE-45C8-83F8-BAB806BF6521}"
EndProject
Project("{2150E333-8FDC-42A3-9474-1A3956D46DE8}") = "User", "User", "{B5EEAB3A-F015-4F0C-96A3-8EF1D7B40B4A}"
EndProject
Project("{2150E333-8FDC-42A3-9474-1A3956D46DE8}") = "Auth", "Auth", "{E50CEC5A-1FFD-4816-A0EE-EE55686B5D15}"
EndProject
Project("{FAE04EC0-301F-11D3-BF4B-00C04F79EFBC}") = "PiPi.User.BL", "PiPi.User.BL\PiPi.User.BL.csproj", "{A819E987-79AD-47A0-9118-D68C9D83EB3D}"
EndProject
Project("{FAE04EC0-301F-11D3-BF4B-00C04F79EFBC}") = "PiPi.User.Model", "PiPi.User.Model\PiPi.User.Model.csproj", "{3F443899-538E-45F9-B4EF-EC723CECB9DB}"
EndProject
Project("{FAE04EC0-301F-11D3-BF4B-00C04F79EFBC}") = "PiPi.User.Auth.BL", "PiPi.User.Auth.BL\PiPi.User.Auth.BL.csproj", "{5DB45A9A-CE63-4127-ADA6-077913F312D4}"
EndProject
Project("{FAE04EC0-301F-11D3-BF4B-00C04F79EFBC}") = "PiPi.User.Auth.Model", "PiPi.User.Auth.Model\PiPi.User.Auth.Model.csproj", "{A52CB7AB-2B83-436B-BAA3-A710E709BFB8}"
EndProject
Project("{2150E333-8FDC-42A3-9474-1A3956D46DE8}") = "Tests", "Tests", "{3989F6CA-B90B-4207-895B-110A7D201DC8}"
EndProject
Project("{2150E333-8FDC-42A3-9474-1A3956D46DE8}") = "Tests", "Tests", "{A4B8AA00-4C44-442E-81A7-A20D8264EFEF}"
EndProject
Global
	GlobalSection(SolutionConfigurationPlatforms) = preSolution
		Debug|Any CPU = Debug|Any CPU
		Release|Any CPU = Release|Any CPU
	EndGlobalSection
	GlobalSection(ProjectConfigurationPlatforms) = postSolution
		{56522580-02DE-45C8-83F8-BAB806BF6521}.Debug|Any CPU.ActiveCfg = Debug|Any CPU
		{56522580-02DE-45C8-83F8-BAB806BF6521}.Debug|Any CPU.Build.0 = Debug|Any CPU
		{56522580-02DE-45C8-83F8-BAB806BF6521}.Release|Any CPU.ActiveCfg = Release|Any CPU
		{56522580-02DE-45C8-83F8-BAB806BF6521}.Release|Any CPU.Build.0 = Release|Any CPU
		{A819E987-79AD-47A0-9118-D68C9D83EB3D}.Debug|Any CPU.ActiveCfg = Debug|Any CPU
		{A819E987-79AD-47A0-9118-D68C9D83EB3D}.Debug|Any CPU.Build.0 = Debug|Any CPU
		{A819E987-79AD-47A0-9118-D68C9D83EB3D}.Release|Any CPU.ActiveCfg = Release|Any CPU
		{A819E987-79AD-47A0-9118-D68C9D83EB3D}.Release|Any CPU.Build.0 = Release|Any CPU
		{3F443899-538E-45F9-B4EF-EC723CECB9DB}.Debug|Any CPU.ActiveCfg = Debug|Any CPU
		{3F443899-538E-45F9-B4EF-EC723CECB9DB}.Debug|Any CPU.Build.0 = Debug|Any CPU
		{3F443899-538E-45F9-B4EF-EC723CECB9DB}.Release|Any CPU.ActiveCfg = Release|Any CPU
		{3F443899-538E-45F9-B4EF-EC723CECB9DB}.Release|Any CPU.Build.0 = Release|Any CPU
		{5DB45A9A-CE63-4127-ADA6-077913F312D4}.Debug|Any CPU.ActiveCfg = Debug|Any CPU
		{5DB45A9A-CE63-4127-ADA6-077913F312D4}.Debug|Any CPU.Build.0 = Debug|Any CPU
		{5DB45A9A-CE63-4127-ADA6-077913F312D4}.Release|Any CPU.ActiveCfg = Release|Any CPU
		{5DB45A9A-CE63-4127-ADA6-077913F312D4}.Release|Any CPU.Build.0 = Release|Any CPU
		{A52CB7AB-2B83-436B-BAA3-A710E709BFB8}.Debug|Any CPU.ActiveCfg = Debug|Any CPU
		{A52CB7AB-2B83-436B-BAA3-A710E709BFB8}.Debug|Any CPU.Build.0 = Debug|Any CPU
		{A52CB7AB-2B83-436B-BAA3-A710E709BFB8}.Release|Any CPU.ActiveCfg = Release|Any CPU
		{A52CB7AB-2B83-436B-BAA3-A710E709BFB8}.Release|Any CPU.Build.0 = Release|Any CPU
	EndGlobalSection
	GlobalSection(SolutionProperties) = preSolution
		HideSolutionNode = FALSE
	EndGlobalSection
	GlobalSection(NestedProjects) = preSolution
		{E50CEC5A-1FFD-4816-A0EE-EE55686B5D15} = {B5EEAB3A-F015-4F0C-96A3-8EF1D7B40B4A}
		{A819E987-79AD-47A0-9118-D68C9D83EB3D} = {B5EEAB3A-F015-4F0C-96A3-8EF1D7B40B4A}
		{3F443899-538E-45F9-B4EF-EC723CECB9DB} = {B5EEAB3A-F015-4F0C-96A3-8EF1D7B40B4A}
		{5DB45A9A-CE63-4127-ADA6-077913F312D4} = {E50CEC5A-1FFD-4816-A0EE-EE55686B5D15}
		{A52CB7AB-2B83-436B-BAA3-A710E709BFB8} = {E50CEC5A-1FFD-4816-A0EE-EE55686B5D15}
		{3989F6CA-B90B-4207-895B-110A7D201DC8} = {E50CEC5A-1FFD-4816-A0EE-EE55686B5D15}
		{A4B8AA00-4C44-442E-81A7-A20D8264EFEF} = {B5EEAB3A-F015-4F0C-96A3-8EF1D7B40B4A}
	EndGlobalSection
EndGlobal
